
Microsoft Visual Studio Solution File, Format Version 12.00
# Visual Studio Version 16
VisualStudioVersion = 16.0.29728.190
MinimumVisualStudioVersion = 10.0.40219.1
Project("{FAE04EC0-301F-11D3-BF4B-00C04F79EFBC}") = "DigiDex.WebAPI", "DigiDex.WebAPI\DigiDex.WebAPI.csproj", "{EBC8D0DA-F748-4058-B86F-27487CCFD50C}"
EndProject
Project("{FAE04EC0-301F-11D3-BF4B-00C04F79EFBC}") = "DigiDex.Data", "DigiDex.Data\DigiDex.Data.csproj", "{5DF4CEA0-B22B-4F75-A91F-CE98C6B10E99}"
EndProject
Project("{FAE04EC0-301F-11D3-BF4B-00C04F79EFBC}") = "DigiDex.Models", "DigiDex.Models\DigiDex.Models.csproj", "{AF5EDA06-5AF2-4782-BFB8-CB5B4B44941F}"
EndProject
Project("{FAE04EC0-301F-11D3-BF4B-00C04F79EFBC}") = "DigiDex.Services", "DigiDex.Services\DigiDex.Services.csproj", "{F7A31043-4FD5-4041-8B66-DDB4E2A0BAD8}"
EndProject
Global
	GlobalSection(SolutionConfigurationPlatforms) = preSolution
		Debug|Any CPU = Debug|Any CPU
		Release|Any CPU = Release|Any CPU
	EndGlobalSection
	GlobalSection(ProjectConfigurationPlatforms) = postSolution
		{EBC8D0DA-F748-4058-B86F-27487CCFD50C}.Debug|Any CPU.ActiveCfg = Debug|Any CPU
		{EBC8D0DA-F748-4058-B86F-27487CCFD50C}.Debug|Any CPU.Build.0 = Debug|Any CPU
		{EBC8D0DA-F748-4058-B86F-27487CCFD50C}.Release|Any CPU.ActiveCfg = Release|Any CPU
		{EBC8D0DA-F748-4058-B86F-27487CCFD50C}.Release|Any CPU.Build.0 = Release|Any CPU
		{5DF4CEA0-B22B-4F75-A91F-CE98C6B10E99}.Debug|Any CPU.ActiveCfg = Debug|Any CPU
		{5DF4CEA0-B22B-4F75-A91F-CE98C6B10E99}.Debug|Any CPU.Build.0 = Debug|Any CPU
		{5DF4CEA0-B22B-4F75-A91F-CE98C6B10E99}.Release|Any CPU.ActiveCfg = Release|Any CPU
		{5DF4CEA0-B22B-4F75-A91F-CE98C6B10E99}.Release|Any CPU.Build.0 = Release|Any CPU
		{AF5EDA06-5AF2-4782-BFB8-CB5B4B44941F}.Debug|Any CPU.ActiveCfg = Debug|Any CPU
		{AF5EDA06-5AF2-4782-BFB8-CB5B4B44941F}.Debug|Any CPU.Build.0 = Debug|Any CPU
		{AF5EDA06-5AF2-4782-BFB8-CB5B4B44941F}.Release|Any CPU.ActiveCfg = Release|Any CPU
		{AF5EDA06-5AF2-4782-BFB8-CB5B4B44941F}.Release|Any CPU.Build.0 = Release|Any CPU
		{F7A31043-4FD5-4041-8B66-DDB4E2A0BAD8}.Debug|Any CPU.ActiveCfg = Debug|Any CPU
		{F7A31043-4FD5-4041-8B66-DDB4E2A0BAD8}.Debug|Any CPU.Build.0 = Debug|Any CPU
		{F7A31043-4FD5-4041-8B66-DDB4E2A0BAD8}.Release|Any CPU.ActiveCfg = Release|Any CPU
		{F7A31043-4FD5-4041-8B66-DDB4E2A0BAD8}.Release|Any CPU.Build.0 = Release|Any CPU
	EndGlobalSection
	GlobalSection(SolutionProperties) = preSolution
		HideSolutionNode = FALSE
	EndGlobalSection
	GlobalSection(ExtensibilityGlobals) = postSolution
		SolutionGuid = {483B4C66-A023-4758-9708-2245DC021752}
	EndGlobalSection
EndGlobal
